Microsoft Visual Studio Solution File, Format Version 12.00
# Visual Studio Version 17
VisualStudioVersion = 17.5.2.0
MinimumVisualStudioVersion = 10.0.40219.1
Project("{FAE04EC0-301F-11D3-BF4B-00C04F79EFBC}") = "WinSerialMon", "WinSerialMon.csproj", "{4A1587E3-F5A0-8BBD-0505-101383A93826}"
EndProject
Global
	GlobalSection(SolutionConfigurationPlatforms) = preSolution
		Debug|Any CPU = Debug|Any CPU
		Release|Any CPU = Release|Any CPU
	EndGlobalSection
	GlobalSection(ProjectConfigurationPlatforms) = postSolution
		{4A1587E3-F5A0-8BBD-0505-101383A93826}.Debug|Any CPU.ActiveCfg = Debug|Any CPU
		{4A1587E3-F5A0-8BBD-0505-101383A93826}.Debug|Any CPU.Build.0 = Debug|Any CPU
		{4A1587E3-F5A0-8BBD-0505-101383A93826}.Release|Any CPU.ActiveCfg = Release|Any CPU
		{4A1587E3-F5A0-8BBD-0505-101383A93826}.Release|Any CPU.Build.0 = Release|Any CPU
	EndGlobalSection
	GlobalSection(SolutionProperties) = preSolution
		HideSolutionNode = FALSE
	EndGlobalSection
	GlobalSection(ExtensibilityGlobals) = postSolution
		SolutionGuid = {D0C56E29-C60D-4CB4-AFC7-F61F3EEDE1CE}
	EndGlobalSection
EndGlobal
